
Microsoft Visual Studio Solution File, Format Version 12.00
# Visual Studio Version 16
VisualStudioVersion = 16.0.37327.17
MinimumVisualStudioVersion = 10.0.40219.1
Project("{FAE04EC0-301F-11D3-BF4B-00C04F79EFBC}") = "Day1_Encapsulation", "Day1_Encapsulation.csproj", "{D2359B29-6E9E-4A26-B049-3A147CE6E2AD}"
EndProject
Global
	GlobalSection(SolutionConfigurationPlatforms) = preSolution
		Debug|Any CPU = Debug|Any CPU
		Release|Any CPU = Release|Any CPU
	EndGlobalSection
	GlobalSection(ProjectConfigurationPlatforms) = postSolution
		{D2359B29-6E9E-4A26-B049-3A147CE6E2AD}.Debug|Any CPU.ActiveCfg = Debug|Any CPU
		{D2359B29-6E9E-4A26-B049-3A147CE6E2AD}.Debug|Any CPU.Build.0 = Debug|Any CPU
		{D2359B29-6E9E-4A26-B049-3A147CE6E2AD}.Release|Any CPU.ActiveCfg = Release|Any CPU
		{D2359B29-6E9E-4A26-B049-3A147CE6E2AD}.Release|Any CPU.Build.0 = Release|Any CPU
	EndGlobalSection
	GlobalSection(SolutionProperties) = preSolution
		HideSolutionNode = FALSE
	EndGlobalSection
	GlobalSection(ExtensibilityGlobals) = postSolution
		SolutionGuid = {BB3DC249-987A-461B-A0F6-EDE6E1B80F51}
	EndGlobalSection
EndGlobal
